Microsoft Visual Studio Solution File, Format Version 11.00
# Visual Studio 2008

Project("{18ED2FA2-5F02-F870-49F9-A30F9A471F42}") = "2d game", "Assembly-CSharp-vs.csproj", "{CE488D93-727F-01BE-BC7C-FC85FAEF105A}"
EndProject
Global
	GlobalSection(SolutionConfigurationPlatforms) = preSolution
		Debug|Any CPU = Debug|Any CPU
		Release|Any CPU = Release|Any CPU
	EndGlobalSection
	GlobalSection(ProjectConfigurationPlatforms) = postSolution
		{CE488D93-727F-01BE-BC7C-FC85FAEF105A}.Debug|Any CPU.ActiveCfg = Debug|Any CPU
		{CE488D93-727F-01BE-BC7C-FC85FAEF105A}.Debug|Any CPU.Build.0 = Debug|Any CPU
		{CE488D93-727F-01BE-BC7C-FC85FAEF105A}.Release|Any CPU.ActiveCfg = Release|Any CPU
		{CE488D93-727F-01BE-BC7C-FC85FAEF105A}.Release|Any CPU.Build.0 = Release|Any CPU
	EndGlobalSection
	GlobalSection(SolutionProperties) = preSolution
		HideSolutionNode = FALSE
	EndGlobalSection
																															GlobalSection(MonoDevelopProperties) = preSolution
		StartupItem = Assembly-CSharp.csproj
		Policies = $0
		$0.TextStylePolicy = $1
		$1.inheritsSet = null
		$1.scope = text/x-csharp
		$0.CSharpFormattingPolicy = $2
		$2.inheritsSet = Mono
		$2.inheritsScope = text/x-csharp
		$2.scope = text/x-csharp
		$0.TextStylePolicy = $3
		$3.FileWidth = 120
		$3.TabWidth = 4
		$3.IndentWidth = 4
		$3.EolMarker = Unix
		$3.inheritsSet = Mono
		$3.inheritsScope = text/plain
		$3.scope = text/plain
	EndGlobalSection

EndGlobal
